{
  "version": 4,
  "terraform_version": "1.1.7",
  "serial": 356,
  "lineage": "73c1f274-3ec1-970d-7bd4-e0e257bdbdf3",
  "outputs": {},
  "resources": [
    {
      "mode": "managed",
      "type": "azurerm_application_security_group",
      "name": "webservers01",
      "provider": "provider[\"registry.terraform.io/hashicorp/azurerm\"]",
      "instances": [
        {
          "schema_version": 0,
          "attributes": {
            "id": "/subscriptions/58863762-7a09-4069-8828-306db007763a/resourceGroups/RG1/providers/Microsoft.Network/applicationSecurityGroups/webservers01",
            "location": "eastasia",
            "name": "webservers01",
            "resource_group_name": "RG1",
            "tags": {},
            "timeouts": null
          },
          "sensitive_attributes": [],
          "private": "eyJlMmJmYjczMC1lY2FhLTExZTYtOGY4OC0zNDM2M2JjN2M0YzAiOnsiY3JlYXRlIjoxODAwMDAwMDAwMDAwLCJkZWxldGUiOjE4MDAwMDAwMDAwMDAsInJlYWQiOjMwMDAwMDAwMDAwMCwidXBkYXRlIjoxODAwMDAwMDAwMDAwfX0=",
          "dependencies": [
            "azurerm_resource_group.RG1"
          ]
        }
      ]
    },
    {
      "mode": "managed",
      "type": "azurerm_resource_group",
      "name": "RG1",
      "provider": "provider[\"registry.terraform.io/hashicorp/azurerm\"]",
      "instances": [
        {
          "schema_version": 0,
          "attributes": {
            "id": "/subscriptions/58863762-7a09-4069-8828-306db007763a/resourceGroups/RG1",
            "location": "eastasia",
            "name": "RG1",
            "tags": {
              "Created By": "SK",
              "Created From": "Terraform"
            },
            "timeouts": null
          },
          "sensitive_attributes": [],
          "private": "eyJlMmJmYjczMC1lY2FhLTExZTYtOGY4OC0zNDM2M2JjN2M0YzAiOnsiY3JlYXRlIjo1NDAwMDAwMDAwMDAwLCJkZWxldGUiOjU0MDAwMDAwMDAwMDAsInJlYWQiOjMwMDAwMDAwMDAwMCwidXBkYXRlIjo1NDAwMDAwMDAwMDAwfX0="
        }
      ]
    }
  ]
}
